{
  "object": {
    "pins": [
      {
        "package": "FetchImage",
        "repositoryURL": "https://github.com/kean/FetchImage",
        "state": {
          "branch": "master",
          "revision": "de0af7b5db1e6497950dd340e679d77721ba7bd4",
          "version": null
        }
      },
      {
        "package": "Nuke",
        "repositoryURL": "https://github.com/kean/Nuke.git",
        "state": {
          "branch": null,
          "revision": "998588c80611e4fe9b71dd4323fa938ee62f4ff7",
          "version": "9.1.1"
        }
      },
      {
        "package": "TextView",
        "repositoryURL": "https://github.com/kenmueller/TextView",
        "state": {
          "branch": "master",
          "revision": "e9bf78313788c0bc0bc57a08edc8fa5c85a31a79",
          "version": null
        }
      }
    ]
  },
  "version": 1
}
