// !$*UTF8*$!
{
	archiveVersion = 1;
	classes = {
	};
	objectVersion = 52;
	objects = {

/* Begin PBXBuildFile section */
		A3406FD42474AD8900B92004 /* ClippingView.swift in Sources */ = {isa = PBXBuildFile; fileRef = A3406FD32474AD8900B92004 /* ClippingView.swift */; };
		A34A537924246F51005B280E /* BookRow.swift in Sources */ = {isa = PBXBuildFile; fileRef = A34A537824246F51005B280E /* BookRow.swift */; };
		A34A537D242477DA005B280E /* BookDetail.swift in Sources */ = {isa = PBXBuildFile; fileRef = A34A537C242477DA005B280E /* BookDetail.swift */; };
		A362404624A8446A000162A2 /* WindowController.swift in Sources */ = {isa = PBXBuildFile; fileRef = A362404524A8446A000162A2 /* WindowController.swift */; };
		A362404824A8449D000162A2 /* Toolbar.swift in Sources */ = {isa = PBXBuildFile; fileRef = A362404724A8449C000162A2 /* Toolbar.swift */; };
		A36E8D042464D7FD00A99B9C /* SearchField.swift in Sources */ = {isa = PBXBuildFile; fileRef = A36E8D032464D7FD00A99B9C /* SearchField.swift */; };
		A372F9A424232837000722F3 /* AppDelegate.swift in Sources */ = {isa = PBXBuildFile; fileRef = A372F9A324232837000722F3 /* AppDelegate.swift */; };
		A372F9A624232837000722F3 /* ContentView.swift in Sources */ = {isa = PBXBuildFile; fileRef = A372F9A524232837000722F3 /* ContentView.swift */; };
		A372F9A824232838000722F3 /* Assets.xcassets in Resources */ = {isa = PBXBuildFile; fileRef = A372F9A724232838000722F3 /* Assets.xcassets */; };
		A372F9AE24232838000722F3 /* Main.storyboard in Resources */ = {isa = PBXBuildFile; fileRef = A372F9AC24232838000722F3 /* Main.storyboard */; };
		A372F9B924232881000722F3 /* Book.swift in Sources */ = {isa = PBXBuildFile; fileRef = A372F9B824232881000722F3 /* Book.swift */; };
		A384023524738DC60073B4D1 /* Store.swift in Sources */ = {isa = PBXBuildFile; fileRef = A384023424738DC60073B4D1 /* Store.swift */; };
		A38A00C624874152009B141F /* Book.xcdatamodeld in Sources */ = {isa = PBXBuildFile; fileRef = A38A00C424874152009B141F /* Book.xcdatamodeld */; };
		A3B9C385242A74710033EC88 /* NavigationMaster.swift in Sources */ = {isa = PBXBuildFile; fileRef = A3B9C384242A74710033EC88 /* NavigationMaster.swift */; };
		A3B9C388242AF1370033EC88 /* MultiLineText.swift in Sources */ = {isa = PBXBuildFile; fileRef = A3B9C387242AF1370033EC88 /* MultiLineText.swift */; };
		A3BDDC6B24A3F7350032F9DB /* URLImage in Frameworks */ = {isa = PBXBuildFile; productRef = A3BDDC6A24A3F7350032F9DB /* URLImage */; };
		A3C44E41246B1354009AB4D0 /* Extensions.swift in Sources */ = {isa = PBXBuildFile; fileRef = A3C44E40246B1354009AB4D0 /* Extensions.swift */; };
		A3D5B956242B498C0059A997 /* EditSheet.swift in Sources */ = {isa = PBXBuildFile; fileRef = A3D5B955242B498C0059A997 /* EditSheet.swift */; };
		A3FBF1CE24257A48008176A1 /* ClippingsParser.swift in Sources */ = {isa = PBXBuildFile; fileRef = A3FBF1CD24257A48008176A1 /* ClippingsParser.swift */; };
/* End PBXBuildFile section */

/* Begin PBXFileReference section */
		A3406FD32474AD8900B92004 /* ClippingView.swift */ = {isa = PBXFileReference; lastKnownFileType = sourcecode.swift; path = ClippingView.swift; sourceTree = "<group>"; };
		A34A537824246F51005B280E /* BookRow.swift */ = {isa = PBXFileReference; lastKnownFileType = sourcecode.swift; path = BookRow.swift; sourceTree = "<group>"; };
		A34A537C242477DA005B280E /* BookDetail.swift */ = {isa = PBXFileReference; lastKnownFileType = sourcecode.swift; path = BookDetail.swift; sourceTree = "<group>"; };
		A362404524A8446A000162A2 /* WindowController.swift */ = {isa = PBXFileReference; lastKnownFileType = sourcecode.swift; path = WindowController.swift; sourceTree = "<group>"; };
		A362404724A8449C000162A2 /* Toolbar.swift */ = {isa = PBXFileReference; lastKnownFileType = sourcecode.swift; path = Toolbar.swift; sourceTree = "<group>"; };
		A36E8D032464D7FD00A99B9C /* SearchField.swift */ = {isa = PBXFileReference; lastKnownFileType = sourcecode.swift; path = SearchField.swift; sourceTree = "<group>"; };
		A372F9A024232837000722F3 /* Kindling.app */ = {isa = PBXFileReference; explicitFileType = wrapper.application; includeInIndex = 0; path = Kindling.app; sourceTree = BUILT_PRODUCTS_DIR; };
		A372F9A324232837000722F3 /* AppDelegate.swift */ = {isa = PBXFileReference; lastKnownFileType = sourcecode.swift; path = AppDelegate.swift; sourceTree = "<group>"; };
		A372F9A524232837000722F3 /* ContentView.swift */ = {isa = PBXFileReference; lastKnownFileType = sourcecode.swift; path = ContentView.swift; sourceTree = "<group>"; };
		A372F9A724232838000722F3 /* Assets.xcassets */ = {isa = PBXFileReference; lastKnownFileType = folder.assetcatalog; path = Assets.xcassets; sourceTree = "<group>"; };
		A372F9AD24232838000722F3 /* Base */ = {isa = PBXFileReference; lastKnownFileType = file.storyboard; name = Base; path = Base.lproj/Main.storyboard; sourceTree = "<group>"; };
		A372F9AF24232838000722F3 /* Info.plist */ = {isa = PBXFileReference; lastKnownFileType = text.plist.xml; path = Info.plist; sourceTree = "<group>"; };
		A372F9B024232838000722F3 /* Kindling.entitlements */ = {isa = PBXFileReference; lastKnownFileType = text.plist.entitlements; path = Kindling.entitlements; sourceTree = "<group>"; };
		A372F9B824232881000722F3 /* Book.swift */ = {isa = PBXFileReference; lastKnownFileType = sourcecode.swift; path = Book.swift; sourceTree = "<group>"; };
		A384023424738DC60073B4D1 /* Store.swift */ = {isa = PBXFileReference; lastKnownFileType = sourcecode.swift; path = Store.swift; sourceTree = "<group>"; };
		A38A00C524874152009B141F /* Book.xcdatamodel */ = {isa = PBXFileReference; lastKnownFileType = wrapper.xcdatamodel; path = Book.xcdatamodel; sourceTree = "<group>"; };
		A3B9C384242A74710033EC88 /* NavigationMaster.swift */ = {isa = PBXFileReference; lastKnownFileType = sourcecode.swift; path = NavigationMaster.swift; sourceTree = "<group>"; };
		A3B9C387242AF1370033EC88 /* MultiLineText.swift */ = {isa = PBXFileReference; lastKnownFileType = sourcecode.swift; path = MultiLineText.swift; sourceTree = "<group>"; };
		A3C44E40246B1354009AB4D0 /* Extensions.swift */ = {isa = PBXFileReference; lastKnownFileType = sourcecode.swift; path = Extensions.swift; sourceTree = "<group>"; };
		A3D5B955242B498C0059A997 /* EditSheet.swift */ = {isa = PBXFileReference; lastKnownFileType = sourcecode.swift; path = EditSheet.swift; sourceTree = "<group>"; };
		A3FBF1CD24257A48008176A1 /* ClippingsParser.swift */ = {isa = PBXFileReference; lastKnownFileType = sourcecode.swift; path = ClippingsParser.swift; sourceTree = "<group>"; };
/* End PBXFileReference section */

/* Begin PBXFrameworksBuildPhase section */
		A372F99D24232837000722F3 /* Frameworks */ = {
			isa = PBXFrameworksBuildPhase;
			buildActionMask = 2147483647;
			files = (
				A3BDDC6B24A3F7350032F9DB /* URLImage in Frameworks */,
			);
			runOnlyForDeploymentPostprocessing = 0;
		};
/* End PBXFrameworksBuildPhase section */

/* Begin PBXGroup section */
		A302009524A7008C00FEED54 /* Book Detail */ = {
			isa = PBXGroup;
			children = (
				A3406FD32474AD8900B92004 /* ClippingView.swift */,
				A34A537C242477DA005B280E /* BookDetail.swift */,
			);
			path = "Book Detail";
			sourceTree = "<group>";
		};
		A372F99724232837000722F3 = {
			isa = PBXGroup;
			children = (
				A372F9A224232837000722F3 /* Kindling */,
				A372F9A124232837000722F3 /* Products */,
			);
			sourceTree = "<group>";
		};
		A372F9A124232837000722F3 /* Products */ = {
			isa = PBXGroup;
			children = (
				A372F9A024232837000722F3 /* Kindling.app */,
			);
			name = Products;
			sourceTree = "<group>";
		};
		A372F9A224232837000722F3 /* Kindling */ = {
			isa = PBXGroup;
			children = (
				A3C44E42246B1379009AB4D0 /* AppKit */,
				A3B9C386242AF1090033EC88 /* Helpers */,
				A372F9B724232853000722F3 /* Models */,
				A302009524A7008C00FEED54 /* Book Detail */,
				A372F9A324232837000722F3 /* AppDelegate.swift */,
				A362404524A8446A000162A2 /* WindowController.swift */,
				A362404724A8449C000162A2 /* Toolbar.swift */,
				A372F9A524232837000722F3 /* ContentView.swift */,
				A3B9C384242A74710033EC88 /* NavigationMaster.swift */,
				A34A537824246F51005B280E /* BookRow.swift */,
				A38A00C424874152009B141F /* Book.xcdatamodeld */,
				A3D5B955242B498C0059A997 /* EditSheet.swift */,
				A372F9A724232838000722F3 /* Assets.xcassets */,
				A372F9AC24232838000722F3 /* Main.storyboard */,
				A372F9AF24232838000722F3 /* Info.plist */,
				A372F9B024232838000722F3 /* Kindling.entitlements */,
				A3EE25EE2469E71900E02ABE /* Preview Content */,
			);
			path = Kindling;
			sourceTree = "<group>";
		};
		A372F9B724232853000722F3 /* Models */ = {
			isa = PBXGroup;
			children = (
				A372F9B824232881000722F3 /* Book.swift */,
				A384023424738DC60073B4D1 /* Store.swift */,
				A3FBF1CD24257A48008176A1 /* ClippingsParser.swift */,
			);
			path = Models;
			sourceTree = "<group>";
		};
		A3B9C386242AF1090033EC88 /* Helpers */ = {
			isa = PBXGroup;
			children = (
				A3C44E40246B1354009AB4D0 /* Extensions.swift */,
			);
			path = Helpers;
			sourceTree = "<group>";
		};
		A3C44E42246B1379009AB4D0 /* AppKit */ = {
			isa = PBXGroup;
			children = (
				A3B9C387242AF1370033EC88 /* MultiLineText.swift */,
				A36E8D032464D7FD00A99B9C /* SearchField.swift */,
			);
			path = AppKit;
			sourceTree = "<group>";
		};
		A3EE25EE2469E71900E02ABE /* Preview Content */ = {
			isa = PBXGroup;
			children = (
			);
			path = "Preview Content";
			sourceTree = "<group>";
		};
/* End PBXGroup section */

/* Begin PBXNativeTarget section */
		A372F99F24232837000722F3 /* Kindling */ = {
			isa = PBXNativeTarget;
			buildConfigurationList = A372F9B324232838000722F3 /* Build configuration list for PBXNativeTarget "Kindling" */;
			buildPhases = (
				A372F99C24232837000722F3 /* Sources */,
				A372F99D24232837000722F3 /* Frameworks */,
				A372F99E24232837000722F3 /* Resources */,
			);
			buildRules = (
			);
			dependencies = (
			);
			name = Kindling;
			packageProductDependencies = (
				A3BDDC6A24A3F7350032F9DB /* URLImage */,
			);
			productName = Kindling;
			productReference = A372F9A024232837000722F3 /* Kindling.app */;
			productType = "com.apple.product-type.application";
		};
/* End PBXNativeTarget section */

/* Begin PBXProject section */
		A372F99824232837000722F3 /* Project object */ = {
			isa = PBXProject;
			attributes = {
				LastSwiftUpdateCheck = 1130;
				LastUpgradeCheck = 1140;
				ORGANIZATIONNAME = "Luke Krikorian";
				TargetAttributes = {
					A372F99F24232837000722F3 = {
						CreatedOnToolsVersion = 11.3.1;
					};
				};
			};
			buildConfigurationList = A372F99B24232837000722F3 /* Build configuration list for PBXProject "Kindling" */;
			compatibilityVersion = "Xcode 9.3";
			developmentRegion = en;
			hasScannedForEncodings = 0;
			knownRegions = (
				en,
				Base,
			);
			mainGroup = A372F99724232837000722F3;
			packageReferences = (
				A3BDDC6924A3F7350032F9DB /* XCRemoteSwiftPackageReference "url-image" */,
			);
			productRefGroup = A372F9A124232837000722F3 /* Products */;
			projectDirPath = "";
			projectRoot = "";
			targets = (
				A372F99F24232837000722F3 /* Kindling */,
			);
		};
/* End PBXProject section */

/* Begin PBXResourcesBuildPhase section */
		A372F99E24232837000722F3 /* Resources */ = {
			isa = PBXResourcesBuildPhase;
			buildActionMask = 2147483647;
			files = (
				A372F9AE24232838000722F3 /* Main.storyboard in Resources */,
				A372F9A824232838000722F3 /* Assets.xcassets in Resources */,
			);
			runOnlyForDeploymentPostprocessing = 0;
		};
/* End PBXResourcesBuildPhase section */

/* Begin PBXSourcesBuildPhase section */
		A372F99C24232837000722F3 /* Sources */ = {
			isa = PBXSourcesBuildPhase;
			buildActionMask = 2147483647;
			files = (
				A372F9A624232837000722F3 /* ContentView.swift in Sources */,
				A362404624A8446A000162A2 /* WindowController.swift in Sources */,
				A372F9A424232837000722F3 /* AppDelegate.swift in Sources */,
				A3B9C385242A74710033EC88 /* NavigationMaster.swift in Sources */,
				A372F9B924232881000722F3 /* Book.swift in Sources */,
				A3FBF1CE24257A48008176A1 /* ClippingsParser.swift in Sources */,
				A34A537924246F51005B280E /* BookRow.swift in Sources */,
				A38A00C624874152009B141F /* Book.xcdatamodeld in Sources */,
				A3C44E41246B1354009AB4D0 /* Extensions.swift in Sources */,
				A3D5B956242B498C0059A997 /* EditSheet.swift in Sources */,
				A384023524738DC60073B4D1 /* Store.swift in Sources */,
				A362404824A8449D000162A2 /* Toolbar.swift in Sources */,
				A36E8D042464D7FD00A99B9C /* SearchField.swift in Sources */,
				A3B9C388242AF1370033EC88 /* MultiLineText.swift in Sources */,
				A34A537D242477DA005B280E /* BookDetail.swift in Sources */,
				A3406FD42474AD8900B92004 /* ClippingView.swift in Sources */,
			);
			runOnlyForDeploymentPostprocessing = 0;
		};
/* End PBXSourcesBuildPhase section */

/* Begin PBXVariantGroup section */
		A372F9AC24232838000722F3 /* Main.storyboard */ = {
			isa = PBXVariantGroup;
			children = (
				A372F9AD24232838000722F3 /* Base */,
			);
			name = Main.storyboard;
			sourceTree = "<group>";
		};
/* End PBXVariantGroup section */

/* Begin XCBuildConfiguration section */
		A372F9B124232838000722F3 /* Debug */ = {
			isa = XCBuildConfiguration;
			buildSettings = {
				ALWAYS_SEARCH_USER_PATHS = NO;
				CLANG_ANALYZER_NONNULL = YES;
				CLANG_ANALYZER_NUMBER_OBJECT_CONVERSION = YES_AGGRESSIVE;
				CLANG_CXX_LANGUAGE_STANDARD = "gnu++14";
				CLANG_CXX_LIBRARY = "libc++";
				CLANG_ENABLE_MODULES = YES;
				CLANG_ENABLE_OBJC_ARC = YES;
				CLANG_ENABLE_OBJC_WEAK = YES;
				CLANG_WARN_BLOCK_CAPTURE_AUTORELEASING = YES;
				CLANG_WARN_BOOL_CONVERSION = YES;
				CLANG_WARN_COMMA = YES;
				CLANG_WARN_CONSTANT_CONVERSION = YES;
				CLANG_WARN_DEPRECATED_OBJC_IMPLEMENTATIONS = YES;
				CLANG_WARN_DIRECT_OBJC_ISA_USAGE = YES_ERROR;
				CLANG_WARN_DOCUMENTATION_COMMENTS = YES;
				CLANG_WARN_EMPTY_BODY = YES;
				CLANG_WARN_ENUM_CONVERSION = YES;
				CLANG_WARN_INFINITE_RECURSION = YES;
				CLANG_WARN_INT_CONVERSION = YES;
				CLANG_WARN_NON_LITERAL_NULL_CONVERSION = YES;
				CLANG_WARN_OBJC_IMPLICIT_RETAIN_SELF = YES;
				CLANG_WARN_OBJC_LITERAL_CONVERSION = YES;
				CLANG_WARN_OBJC_ROOT_CLASS = YES_ERROR;
				CLANG_WARN_RANGE_LOOP_ANALYSIS = YES;
				CLANG_WARN_STRICT_PROTOTYPES = YES;
				CLANG_WARN_SUSPICIOUS_MOVE = YES;
				CLANG_WARN_UNGUARDED_AVAILABILITY = YES_AGGRESSIVE;
				CLANG_WARN_UNREACHABLE_CODE = YES;
				CLANG_WARN__DUPLICATE_METHOD_MATCH = YES;
				COPY_PHASE_STRIP = NO;
				DEBUG_INFORMATION_FORMAT = dwarf;
				ENABLE_STRICT_OBJC_MSGSEND = YES;
				ENABLE_TESTABILITY = YES;
				GCC_C_LANGUAGE_STANDARD = gnu11;
				GCC_DYNAMIC_NO_PIC = NO;
				GCC_NO_COMMON_BLOCKS = YES;
				GCC_OPTIMIZATION_LEVEL = 0;
				GCC_PREPROCESSOR_DEFINITIONS = (
					"DEBUG=1",
					"$(inherited)",
				);
				GCC_WARN_64_TO_32_BIT_CONVERSION = YES;
				GCC_WARN_ABOUT_RETURN_TYPE = YES_ERROR;
				GCC_WARN_UNDECLARED_SELECTOR = YES;
				GCC_WARN_UNINITIALIZED_AUTOS = YES_AGGRESSIVE;
				GCC_WARN_UNUSED_FUNCTION = YES;
				GCC_WARN_UNUSED_VARIABLE = YES;
				MACOSX_DEPLOYMENT_TARGET = 10.15;
				MTL_ENABLE_DEBUG_INFO = INCLUDE_SOURCE;
				MTL_FAST_MATH = YES;
				ONLY_ACTIVE_ARCH = YES;
				SDKROOT = macosx;
				SWIFT_ACTIVE_COMPILATION_CONDITIONS = DEBUG;
				SWIFT_OPTIMIZATION_LEVEL = "-Onone";
				SWIFT_SUPPRESS_WARNINGS = YES;
			};
			name = Debug;
		};
		A372F9B224232838000722F3 /* Release */ = {
			isa = XCBuildConfiguration;
			buildSettings = {
				ALWAYS_SEARCH_USER_PATHS = NO;
				CLANG_ANALYZER_NONNULL = YES;
				CLANG_ANALYZER_NUMBER_OBJECT_CONVERSION = YES_AGGRESSIVE;
				CLANG_CXX_LANGUAGE_STANDARD = "gnu++14";
				CLANG_CXX_LIBRARY = "libc++";
				CLANG_ENABLE_MODULES = YES;
				CLANG_ENABLE_OBJC_ARC = YES;
				CLANG_ENABLE_OBJC_WEAK = YES;
				CLANG_WARN_BLOCK_CAPTURE_AUTORELEASING = YES;
				CLANG_WARN_BOOL_CONVERSION = YES;
				CLANG_WARN_COMMA = YES;
				CLANG_WARN_CONSTANT_CONVERSION = YES;
				CLANG_WARN_DEPRECATED_OBJC_IMPLEMENTATIONS = YES;
				CLANG_WARN_DIRECT_OBJC_ISA_USAGE = YES_ERROR;
				CLANG_WARN_DOCUMENTATION_COMMENTS = YES;
				CLANG_WARN_EMPTY_BODY = YES;
				CLANG_WARN_ENUM_CONVERSION = YES;
				CLANG_WARN_INFINITE_RECURSION = YES;
				CLANG_WARN_INT_CONVERSION = YES;
				CLANG_WARN_NON_LITERAL_NULL_CONVERSION = YES;
				CLANG_WARN_OBJC_IMPLICIT_RETAIN_SELF = YES;
				CLANG_WARN_OBJC_LITERAL_CONVERSION = YES;
				CLANG_WARN_OBJC_ROOT_CLASS = YES_ERROR;
				CLANG_WARN_RANGE_LOOP_ANALYSIS = YES;
				CLANG_WARN_STRICT_PROTOTYPES = YES;
				CLANG_WARN_SUSPICIOUS_MOVE = YES;
				CLANG_WARN_UNGUARDED_AVAILABILITY = YES_AGGRESSIVE;
				CLANG_WARN_UNREACHABLE_CODE = YES;
				CLANG_WARN__DUPLICATE_METHOD_MATCH = YES;
				COPY_PHASE_STRIP = NO;
				DEBUG_INFORMATION_FORMAT = "dwarf-with-dsym";
				ENABLE_NS_ASSERTIONS = NO;
				ENABLE_STRICT_OBJC_MSGSEND = YES;
				GCC_C_LANGUAGE_STANDARD = gnu11;
				GCC_NO_COMMON_BLOCKS = YES;
				GCC_WARN_64_TO_32_BIT_CONVERSION = YES;
				GCC_WARN_ABOUT_RETURN_TYPE = YES_ERROR;
				GCC_WARN_UNDECLARED_SELECTOR = YES;
				GCC_WARN_UNINITIALIZED_AUTOS = YES_AGGRESSIVE;
				GCC_WARN_UNUSED_FUNCTION = YES;
				GCC_WARN_UNUSED_VARIABLE = YES;
				MACOSX_DEPLOYMENT_TARGET = 10.15;
				MTL_ENABLE_DEBUG_INFO = NO;
				MTL_FAST_MATH = YES;
				SDKROOT = macosx;
				SWIFT_COMPILATION_MODE = wholemodule;
				SWIFT_OPTIMIZATION_LEVEL = "-O";
				SWIFT_SUPPRESS_WARNINGS = YES;
			};
			name = Release;
		};
		A372F9B424232838000722F3 /* Debug */ = {
			isa = XCBuildConfiguration;
			buildSettings = {
				ASSETCATALOG_COMPILER_APPICON_NAME = AppIcon;
				CODE_SIGN_ENTITLEMENTS = Kindling/Kindling.entitlements;
				CODE_SIGN_IDENTITY = "-";
				CODE_SIGN_STYLE = Automatic;
				COMBINE_HIDPI_IMAGES = YES;
				DEVELOPMENT_ASSET_PATHS = "\"Kindling/Preview Content\"";
				DEVELOPMENT_TEAM = 8EG8E6Y9S4;
				ENABLE_HARDENED_RUNTIME = YES;
				ENABLE_PREVIEWS = YES;
				INFOPLIST_FILE = Kindling/Info.plist;
				LD_RUNPATH_SEARCH_PATHS = (
					"$(inherited)",
					"@executable_path/../Frameworks",
				);
				MACOSX_DEPLOYMENT_TARGET = 10.15;
				PRODUCT_BUNDLE_IDENTIFIER = luke.Kindling;
				PRODUCT_NAME = "$(TARGET_NAME)";
				SWIFT_VERSION = 5.0;
			};
			name = Debug;
		};
		A372F9B524232838000722F3 /* Release */ = {
			isa = XCBuildConfiguration;
			buildSettings = {
				ASSETCATALOG_COMPILER_APPICON_NAME = AppIcon;
				CODE_SIGN_ENTITLEMENTS = Kindling/Kindling.entitlements;
				CODE_SIGN_IDENTITY = "-";
				CODE_SIGN_STYLE = Automatic;
				COMBINE_HIDPI_IMAGES = YES;
				DEVELOPMENT_ASSET_PATHS = "\"Kindling/Preview Content\"";
				DEVELOPMENT_TEAM = 8EG8E6Y9S4;
				ENABLE_HARDENED_RUNTIME = YES;
				ENABLE_PREVIEWS = YES;
				INFOPLIST_FILE = Kindling/Info.plist;
				LD_RUNPATH_SEARCH_PATHS = (
					"$(inherited)",
					"@executable_path/../Frameworks",
				);
				MACOSX_DEPLOYMENT_TARGET = 10.15;
				PRODUCT_BUNDLE_IDENTIFIER = luke.Kindling;
				PRODUCT_NAME = "$(TARGET_NAME)";
				SWIFT_VERSION = 5.0;
			};
			name = Release;
		};
/* End XCBuildConfiguration section */

/* Begin XCConfigurationList section */
		A372F99B24232837000722F3 /* Build configuration list for PBXProject "Kindling" */ = {
			isa = XCConfigurationList;
			buildConfigurations = (
				A372F9B124232838000722F3 /* Debug */,
				A372F9B224232838000722F3 /* Release */,
			);
			defaultConfigurationIsVisible = 0;
			defaultConfigurationName = Release;
		};
		A372F9B324232838000722F3 /* Build configuration list for PBXNativeTarget "Kindling" */ = {
			isa = XCConfigurationList;
			buildConfigurations = (
				A372F9B424232838000722F3 /* Debug */,
				A372F9B524232838000722F3 /* Release */,
			);
			defaultConfigurationIsVisible = 0;
			defaultConfigurationName = Release;
		};
/* End XCConfigurationList section */

/* Begin XCRemoteSwiftPackageReference section */
		A3BDDC6924A3F7350032F9DB /* XCRemoteSwiftPackageReference "url-image" */ = {
			isa = XCRemoteSwiftPackageReference;
			repositoryURL = "https://github.com/dmytro-anokhin/url-image.git";
			requirement = {
				kind = upToNextMajorVersion;
				minimumVersion = 0.9.15;
			};
		};
/* End XCRemoteSwiftPackageReference section */

/* Begin XCSwiftPackageProductDependency section */
		A3BDDC6A24A3F7350032F9DB /* URLImage */ = {
			isa = XCSwiftPackageProductDependency;
			package = A3BDDC6924A3F7350032F9DB /* XCRemoteSwiftPackageReference "url-image" */;
			productName = URLImage;
		};
/* End XCSwiftPackageProductDependency section */

/* Begin XCVersionGroup section */
		A38A00C424874152009B141F /* Book.xcdatamodeld */ = {
			isa = XCVersionGroup;
			children = (
				A38A00C524874152009B141F /* Book.xcdatamodel */,
			);
			currentVersion = A38A00C524874152009B141F /* Book.xcdatamodel */;
			path = Book.xcdatamodeld;
			sourceTree = "<group>";
			versionGroupType = wrapper.xcdatamodel;
		};
/* End XCVersionGroup section */
	};
	rootObject = A372F99824232837000722F3 /* Project object */;
}
